
Microsoft Visual Studio Solution File, Format Version 12.00
# Visual Studio Version 16
VisualStudioVersion = 16.0.31105.61
MinimumVisualStudioVersion = 10.0.40219.1
Project("{9A19103F-16F7-4668-BE54-9A1E7A4F7556}") = "Polysat.Kernel", "Polysat.Kernel\Polysat.Kernel.csproj", "{CBA43225-E68C-4107-B8D3-594C9E5605B4}"
EndProject
Project("{9A19103F-16F7-4668-BE54-9A1E7A4F7556}") = "Polysat.Tests", "Polysat.Tests\Polysat.Tests.csproj", "{5B15141C-B8FA-4FC8-885B-F6D5950057E5}"
EndProject
Project("{9A19103F-16F7-4668-BE54-9A1E7A4F7556}") = "Polysat.Console", "Polysat.Console\Polysat.Console.csproj", "{F3392BA5-74D6-4425-BE34-D71CA11FC91E}"
EndProject
Global
	GlobalSection(SolutionConfigurationPlatforms) = preSolution
		Debug|Any CPU = Debug|Any CPU
		Release|Any CPU = Release|Any CPU
	EndGlobalSection
	GlobalSection(ProjectConfigurationPlatforms) = postSolution
		{CBA43225-E68C-4107-B8D3-594C9E5605B4}.Debug|Any CPU.ActiveCfg = Debug|Any CPU
		{CBA43225-E68C-4107-B8D3-594C9E5605B4}.Debug|Any CPU.Build.0 = Debug|Any CPU
		{CBA43225-E68C-4107-B8D3-594C9E5605B4}.Release|Any CPU.ActiveCfg = Release|Any CPU
		{CBA43225-E68C-4107-B8D3-594C9E5605B4}.Release|Any CPU.Build.0 = Release|Any CPU
		{5B15141C-B8FA-4FC8-885B-F6D5950057E5}.Debug|Any CPU.ActiveCfg = Debug|Any CPU
		{5B15141C-B8FA-4FC8-885B-F6D5950057E5}.Debug|Any CPU.Build.0 = Debug|Any CPU
		{5B15141C-B8FA-4FC8-885B-F6D5950057E5}.Release|Any CPU.ActiveCfg = Release|Any CPU
		{5B15141C-B8FA-4FC8-885B-F6D5950057E5}.Release|Any CPU.Build.0 = Release|Any CPU
		{F3392BA5-74D6-4425-BE34-D71CA11FC91E}.Debug|Any CPU.ActiveCfg = Debug|Any CPU
		{F3392BA5-74D6-4425-BE34-D71CA11FC91E}.Debug|Any CPU.Build.0 = Debug|Any CPU
		{F3392BA5-74D6-4425-BE34-D71CA11FC91E}.Release|Any CPU.ActiveCfg = Release|Any CPU
		{F3392BA5-74D6-4425-BE34-D71CA11FC91E}.Release|Any CPU.Build.0 = Release|Any CPU
	EndGlobalSection
	GlobalSection(SolutionProperties) = preSolution
		HideSolutionNode = FALSE
	EndGlobalSection
	GlobalSection(ExtensibilityGlobals) = postSolution
		SolutionGuid = {992F437B-5C77-4609-AE68-51689EFDEC67}
	EndGlobalSection
EndGlobal
