
Microsoft Visual Studio Solution File, Format Version 12.00
# Visual Studio Version 16
VisualStudioVersion = 16.0.31105.61
MinimumVisualStudioVersion = 10.0.40219.1
Project("{9A19103F-16F7-4668-BE54-9A1E7A4F7556}") = "Polysat", "Polysat.csproj", "{F2CB0FA0-D310-4A56-BBDF-DF02EA67CA0E}"
EndProject
Project("{9A19103F-16F7-4668-BE54-9A1E7A4F7556}") = "Polysat.Tests", "..\Polysat.Tests\Polysat.Tests.csproj", "{96E33836-01CF-40F7-8CBF-1F29F12A5E9B}"
EndProject
Project("{9A19103F-16F7-4668-BE54-9A1E7A4F7556}") = "Polysat.Kernel", "..\Polysat.Kernel\Polysat.Kernel.csproj", "{018616EC-0C16-486E-AE3A-7E00FFE50371}"
EndProject
Global
	GlobalSection(SolutionConfigurationPlatforms) = preSolution
		Debug|Any CPU = Debug|Any CPU
		Release|Any CPU = Release|Any CPU
	EndGlobalSection
	GlobalSection(ProjectConfigurationPlatforms) = postSolution
		{F2CB0FA0-D310-4A56-BBDF-DF02EA67CA0E}.Debug|Any CPU.ActiveCfg = Debug|Any CPU
		{F2CB0FA0-D310-4A56-BBDF-DF02EA67CA0E}.Debug|Any CPU.Build.0 = Debug|Any CPU
		{F2CB0FA0-D310-4A56-BBDF-DF02EA67CA0E}.Release|Any CPU.ActiveCfg = Release|Any CPU
		{F2CB0FA0-D310-4A56-BBDF-DF02EA67CA0E}.Release|Any CPU.Build.0 = Release|Any CPU
		{96E33836-01CF-40F7-8CBF-1F29F12A5E9B}.Debug|Any CPU.ActiveCfg = Debug|Any CPU
		{96E33836-01CF-40F7-8CBF-1F29F12A5E9B}.Debug|Any CPU.Build.0 = Debug|Any CPU
		{96E33836-01CF-40F7-8CBF-1F29F12A5E9B}.Release|Any CPU.ActiveCfg = Release|Any CPU
		{96E33836-01CF-40F7-8CBF-1F29F12A5E9B}.Release|Any CPU.Build.0 = Release|Any CPU
		{018616EC-0C16-486E-AE3A-7E00FFE50371}.Debug|Any CPU.ActiveCfg = Debug|Any CPU
		{018616EC-0C16-486E-AE3A-7E00FFE50371}.Debug|Any CPU.Build.0 = Debug|Any CPU
		{018616EC-0C16-486E-AE3A-7E00FFE50371}.Release|Any CPU.ActiveCfg = Release|Any CPU
		{018616EC-0C16-486E-AE3A-7E00FFE50371}.Release|Any CPU.Build.0 = Release|Any CPU
	EndGlobalSection
	GlobalSection(SolutionProperties) = preSolution
		HideSolutionNode = FALSE
	EndGlobalSection
	GlobalSection(ExtensibilityGlobals) = postSolution
		SolutionGuid = {992F437B-5C77-4609-AE68-51689EFDEC67}
	EndGlobalSection
EndGlobal
